{
  "name": "web",
  "version": "1.0.0",
  "lockfileVersion": 3,
  "requires": true,
  "packages": {
    "": {
      "name": "web",
      "version": "1.0.0",
      "license": "ISC",
      "dependencies": {
        "@rainbow-me/rainbowkit": "^2.2.11",
        "@tanstack/react-query": "^5.101.0",
        "@types/react": "^19.2.17",
        "@types/react-dom": "^19.2.3",
        "autoprefixer": "^10.5.0",
        "next": "^14.2.35",
        "postcss": "^8.5.15",
        "react": "^18.3.1",
        "react-dom": "^18.3.1",
        "tailwindcss": "^4.3.1",
        "typescript": "^6.0.3",
        "viem": "^2.53.1",
        "wagmi": "^3.6.18"
      }
    },
    "node_modules/@adraffy/ens-normalize": {
      "version": "1.11.1",
      "resolved": "https://registry.npmjs.org/@adraffy/ens-normalize/-/ens-normalize-1.11.1.tgz",
      "integrity": "sha512-nhCBV3quEgesuf7c7KYfperqSS14T8bYuvJ8PcLJp6znkZpFc0AuW4qBtr8eKVyPPe/8RSr7sglCWPU5eaxwKQ==",
      "license": "MIT"
    },
    "node_modules/@babel/runtime": {
      "version": "7.29.7",
      "resolved": "https://registry.npmjs.org/@babel/runtime/-/runtime-7.29.7.tgz",
      "integrity": "sha512-Nq8OhGWiZIZGV6hLHoyAKLLcJihP/xFeBMGJoUrxTX2psI8dCifzLhZISFb+VWS3wFMRDmCGw5R+dOySCqPLhw==",
      "license": "MIT",
      "engines": {
        "node": ">=6.9.0"
      }
    },
    "node_modules/@emotion/hash": {
      "version": "0.9.2",
      "resolved": "https://registry.npmjs.org/@emotion/hash/-/hash-0.9.2.tgz",
      "integrity": "sha512-MyqliTZGuOm3+5ZRSaaBGP3USLw6+EGykkwZns2EPC5g8jJ4z9OrdZY9apkl3+UP9+sdz76YYkwCKP5gh8iY3g==",
      "license": "MIT"
    },
    "node_modules/@next/env": {
      "version": "14.2.35",
      "resolved": "https://registry.npmjs.org/@next/env/-/env-14.2.35.tgz",
      "integrity": "sha512-DuhvCtj4t9Gwrx80dmz2F4t/zKQ4ktN8WrMwOuVzkJfBilwAwGr6v16M5eI8yCuZ63H9TTuEU09Iu2HqkzFPVQ==",
      "license": "MIT"
    },
    "node_modules/@next/swc-darwin-arm64": {
      "version": "14.2.33",
      "resolved": "https://registry.npmjs.org/@next/swc-darwin-arm64/-/swc-darwin-arm64-14.2.33.tgz",
      "integrity": "sha512-HqYnb6pxlsshoSTubdXKu15g3iivcbsMXg4bYpjL2iS/V6aQot+iyF4BUc2qA/J/n55YtvE4PHMKWBKGCF/+wA==",
      "cpu": [
        "arm64"
      ],
      "license": "MIT",
      "optional": true,
      "os": [
        "darwin"
      ],
      "engines": {
        "node": ">= 10"
      }
    },
    "node_modules/@next/swc-darwin-x64": {
      "version": "14.2.33",
      "resolved": "https://registry.npmjs.org/@next/swc-darwin-x64/-/swc-darwin-x64-14.2.33.tgz",
      "integrity": "sha512-8HGBeAE5rX3jzKvF593XTTFg3gxeU4f+UWnswa6JPhzaR6+zblO5+fjltJWIZc4aUalqTclvN2QtTC37LxvZAA==",
      "cpu": [
        "x64"
      ],
      "license": "MIT",
      "optional": true,
      "os": [
        "darwin"
      ],
      "engines": {
        "node": ">= 10"
      }
    },
    "node_modules/@next/swc-linux-arm64-gnu": {
      "version": "14.2.33",
      "resolved": "https://registry.npmjs.org/@next/swc-linux-arm64-gnu/-/swc-linux-arm64-gnu-14.2.33.tgz",
      "integrity": "sha512-JXMBka6lNNmqbkvcTtaX8Gu5by9547bukHQvPoLe9VRBx1gHwzf5tdt4AaezW85HAB3pikcvyqBToRTDA4DeLw==",
      "cpu": [
        "arm64"
      ],
      "license": "MIT",
      "optional": true,
      "os": [
        "linux"
      ],
      "engines": {
        "node": ">= 10"
      }
    },
    "node_modules/@next/swc-linux-arm64-musl": {
      "version": "14.2.33",
      "resolved": "https://registry.npmjs.org/@next/swc-linux-arm64-musl/-/swc-linux-arm64-musl-14.2.33.tgz",
      "integrity": "sha512-Bm+QulsAItD/x6Ih8wGIMfRJy4G73tu1HJsrccPW6AfqdZd0Sfm5Imhgkgq2+kly065rYMnCOxTBvmvFY1BKfg==",
      "cpu": [
        "arm64"
      ],
      "license": "MIT",
      "optional": true,
      "os": [
        "linux"
      ],
      "engines": {
        "node": ">= 10"
      }
    },
    "node_modules/@next/swc-linux-x64-gnu": {
      "version": "14.2.33",
      "resolved": "https://registry.npmjs.org/@next/swc-linux-x64-gnu/-/swc-linux-x64-gnu-14.2.33.tgz",
      "integrity": "sha512-FnFn+ZBgsVMbGDsTqo8zsnRzydvsGV8vfiWwUo1LD8FTmPTdV+otGSWKc4LJec0oSexFnCYVO4hX8P8qQKaSlg==",
      "cpu": [
        "x64"
      ],
      "license": "MIT",
      "optional": true,
      "os": [
        "linux"
      ],
      "engines": {
        "node": ">= 10"
      }
    },
    "node_modules/@next/swc-linux-x64-musl": {
      "version": "14.2.33",
      "resolved": "https://registry.npmjs.org/@next/swc-linux-x64-musl/-/swc-linux-x64-musl-14.2.33.tgz",
      "integrity": "sha512-345tsIWMzoXaQndUTDv1qypDRiebFxGYx9pYkhwY4hBRaOLt8UGfiWKr9FSSHs25dFIf8ZqIFaPdy5MljdoawA==",
      "cpu": [
        "x64"
      ],
      "license": "MIT",
      "optional": true,
      "os": [
        "linux"
      ],
      "engines": {
        "node": ">= 10"
      }
    },
    "node_modules/@next/swc-win32-arm64-msvc": {
      "version": "14.2.33",
      "resolved": "https://registry.npmjs.org/@next/swc-win32-arm64-msvc/-/swc-win32-arm64-msvc-14.2.33.tgz",
      "integrity": "sha512-nscpt0G6UCTkrT2ppnJnFsYbPDQwmum4GNXYTeoTIdsmMydSKFz9Iny2jpaRupTb+Wl298+Rh82WKzt9LCcqSQ==",
      "cpu": [
        "arm64"
      ],
      "license": "MIT",
      "optional": true,
      "os": [
        "win32"
      ],
      "engines": {
        "node": ">= 10"
      }
    },
    "node_modules/@next/swc-win32-ia32-msvc": {
      "version": "14.2.33",
      "resolved": "https://registry.npmjs.org/@next/swc-win32-ia32-msvc/-/swc-win32-ia32-msvc-14.2.33.tgz",
      "integrity": "sha512-pc9LpGNKhJ0dXQhZ5QMmYxtARwwmWLpeocFmVG5Z0DzWq5Uf0izcI8tLc+qOpqxO1PWqZ5A7J1blrUIKrIFc7Q==",
      "cpu": [
        "ia32"
      ],
      "license": "MIT",
      "optional": true,
      "os": [
        "win32"
      ],
      "engines": {
        "node": ">= 10"
      }
    },
    "node_modules/@next/swc-win32-x64-msvc": {
      "version": "14.2.33",
      "resolved": "https://registry.npmjs.org/@next/swc-win32-x64-msvc/-/swc-win32-x64-msvc-14.2.33.tgz",
      "integrity": "sha512-nOjfZMy8B94MdisuzZo9/57xuFVLHJaDj5e/xrduJp9CV2/HrfxTRH2fbyLe+K9QT41WBLUd4iXX3R7jBp0EUg==",
      "cpu": [
        "x64"
      ],
      "license": "MIT",
      "optional": true,
      "os": [
        "win32"
      ],
      "engines": {
        "node": ">= 10"
      }
    },
    "node_modules/@noble/ciphers": {
      "version": "1.3.0",
      "resolved": "https://registry.npmjs.org/@noble/ciphers/-/ciphers-1.3.0.tgz",
      "integrity": "sha512-2I0gnIVPtfnMw9ee9h1dJG7tp81+8Ob3OJb3Mv37rx5L40/b0i7djjCVvGOVqc9AEIQyvyu1i6ypKdFw8R8gQw==",
      "license": "MIT",
      "engines": {
        "node": "^14.21.3 || >=16"
      },
      "funding": {
        "url": "https://paulmillr.com/funding/"
      }
    },
    "node_modules/@noble/curves": {
      "version": "1.9.1",
      "resolved": "https://registry.npmjs.org/@noble/curves/-/curves-1.9.1.tgz",
      "integrity": "sha512-k11yZxZg+t+gWvBbIswW0yoJlu8cHOC7dhunwOzoWH/mXGBiYyR4YY6hAEK/3EUs4UpB8la1RfdRpeGsFHkWsA==",
      "license": "MIT",
      "dependencies": {
        "@noble/hashes": "1.8.0"
      },
      "engines": {
        "node": "^14.21.3 || >=16"
      },
      "funding": {
        "url": "https://paulmillr.com/funding/"
      }
    },
    "node_modules/@noble/hashes": {
      "version": "1.8.0",
      "resolved": "https://registry.npmjs.org/@noble/hashes/-/hashes-1.8.0.tgz",
      "integrity": "sha512-jCs9ldd7NwzpgXDIf6P3+NrHh9/sD6CQdxHyjQI+h/6rDNo88ypBxxz45UDuZHz9r3tNz7N/VInSVoVdtXEI4A==",
      "license": "MIT",
      "engines": {
        "node": "^14.21.3 || >=16"
      },
      "funding": {
        "url": "https://paulmillr.com/funding/"
      }
    },
    "node_modules/@rainbow-me/rainbowkit": {
      "version": "2.2.11",
      "resolved": "https://registry.npmjs.org/@rainbow-me/rainbowkit/-/rainbowkit-2.2.11.tgz",
      "integrity": "sha512-FHPsRHMBpuHHhuyKktAR13O9agmsUUunDnVEP4hG1dSZ2JojXLUSWyLG28VbGIJakHYylkNguiLFnqM/BM8ERA==",
      "license": "MIT",
      "dependencies": {
        "@vanilla-extract/css": "1.20.1",
        "@vanilla-extract/dynamic": "2.1.5",
        "@vanilla-extract/sprinkles": "1.6.5",
        "clsx": "2.1.1",
        "cuer": "0.0.3",
        "react-remove-scroll": "2.7.2",
        "ua-parser-js": "^2.0.9"
      },
      "engines": {
        "node": ">=12.4"
      },
      "peerDependencies": {
        "@tanstack/react-query": ">=5.0.0",
        "react": ">=18",
        "react-dom": ">=18",
        "viem": "2.x",
        "wagmi": "^2.9.0"
      }
    },
    "node_modules/@scure/base": {
      "version": "1.2.6",
      "resolved": "https://registry.npmjs.org/@scure/base/-/base-1.2.6.tgz",
      "integrity": "sha512-g/nm5FgUa//MCj1gV09zTJTaM6KBAHqLN907YVQqf7zC49+DcO4B1so4ZX07Ef10Twr6nuqYEH9GEggFXA4Fmg==",
      "license": "MIT",
      "funding": {
        "url": "https://paulmillr.com/funding/"
      }
    },
    "node_modules/@scure/bip32": {
      "version": "1.7.0",
      "resolved": "https://registry.npmjs.org/@scure/bip32/-/bip32-1.7.0.tgz",
      "integrity": "sha512-E4FFX/N3f4B80AKWp5dP6ow+flD1LQZo/w8UnLGYZO674jS6YnYeepycOOksv+vLPSpgN35wgKgy+ybfTb2SMw==",
      "license": "MIT",
      "dependencies": {
        "@noble/curves": "~1.9.0",
        "@noble/hashes": "~1.8.0",
        "@scure/base": "~1.2.5"
      },
      "funding": {
        "url": "https://paulmillr.com/funding/"
      }
    },
    "node_modules/@scure/bip39": {
      "version": "1.6.0",
      "resolved": "https://registry.npmjs.org/@scure/bip39/-/bip39-1.6.0.tgz",
      "integrity": "sha512-+lF0BbLiJNwVlev4eKelw1WWLaiKXw7sSl8T6FvBlWkdX+94aGJ4o8XjUdlyhTCjd8c+B3KT3JfS8P0bLRNU6A==",
      "license": "MIT",
      "dependencies": {
        "@noble/hashes": "~1.8.0",
        "@scure/base": "~1.2.5"
      },
      "funding": {
        "url": "https://paulmillr.com/funding/"
      }
    },
    "node_modules/@swc/counter": {
      "version": "0.1.3",
      "resolved": "https://registry.npmjs.org/@swc/counter/-/counter-0.1.3.tgz",
      "integrity": "sha512-e2BR4lsJkkRlKZ/qCHPw9ZaSxc0MVUd7gtbtaB7aMvHeJVYe8sOB8DBZkP2DtISHGSku9sCK6T6cnY0CtXrOCQ==",
      "license": "Apache-2.0"
    },
    "node_modules/@swc/helpers": {
      "version": "0.5.5",
      "resolved": "https://registry.npmjs.org/@swc/helpers/-/helpers-0.5.5.tgz",
      "integrity": "sha512-KGYxvIOXcceOAbEk4bi/dVLEK9z8sZ0uBB3Il5b1rhfClSpcX0yfRO0KmTkqR2cnQDymwLB+25ZyMzICg/cm/A==",
      "license": "Apache-2.0",
      "dependencies": {
        "@swc/counter": "^0.1.3",
        "tslib": "^2.4.0"
      }
    },
    "node_modules/@tanstack/query-core": {
      "version": "5.101.0",
      "resolved": "https://registry.npmjs.org/@tanstack/query-core/-/query-core-5.101.0.tgz",
      "integrity": "sha512-cQetA74EB+seWySv1TTKr828TnP0u39m6LykwDXIo84SNortpDkp30TMEjkqtYCNP9c40uT/iwl6MLiufEt0Ow==",
      "license": "MIT",
      "funding": {
        "type": "github",
        "url": "https://github.com/sponsors/tannerlinsley"
      }
    },
    "node_modules/@tanstack/react-query": {
      "version": "5.101.0",
      "resolved": "https://registry.npmjs.org/@tanstack/react-query/-/react-query-5.101.0.tgz",
      "integrity": "sha512-rLlJXSpkqfizLWgkR5+eLeIk0MvTx/meEIR7LRjxic+qxiQP8zVjq7BqQkiCMNLQBlLfuOLqqr6KO5GtrDlmSg==",
      "license": "MIT",
      "dependencies": {
        "@tanstack/query-core": "5.101.0"
      },
      "funding": {
        "type": "github",
        "url": "https://github.com/sponsors/tannerlinsley"
      },
      "peerDependencies": {
        "react": "^18 || ^19"
      }
    },
    "node_modules/@types/react": {
      "version": "19.2.17",
      "resolved": "https://registry.npmjs.org/@types/react/-/react-19.2.17.tgz",
      "integrity": "sha512-MXfmqaVPEVgkBT/aY0aGCkRWWtByiYQXo3xdQ8r5RzuFrPiRn8Gar2tQdXSUQ2GKV3bkXckek89V8wQBY2Q/Aw==",
      "license": "MIT",
      "dependencies": {
        "csstype": "^3.2.2"
      }
    },
    "node_modules/@types/react-dom": {
      "version": "19.2.3",
      "resolved": "https://registry.npmjs.org/@types/react-dom/-/react-dom-19.2.3.tgz",
      "integrity": "sha512-jp2L/eY6fn+KgVVQAOqYItbF0VY/YApe5Mz2F0aykSO8gx31bYCZyvSeYxCHKvzHG5eZjc+zyaS5BrBWya2+kQ==",
      "license": "MIT",
      "peerDependencies": {
        "@types/react": "^19.2.0"
      }
    },
    "node_modules/@vanilla-extract/css": {
      "version": "1.20.1",
      "resolved": "https://registry.npmjs.org/@vanilla-extract/css/-/css-1.20.1.tgz",
      "integrity": "sha512-5I9RNo5uZW9tsBnqrWzJqELegOqTHBrZyDFnES0gR9gJJHBB9dom1N0bwITM9tKwBcfKrTX4a6DHVeQdJ2ubQA==",
      "license": "MIT",
      "dependencies": {
        "@emotion/hash": "^0.9.0",
        "@vanilla-extract/private": "^1.0.9",
        "css-what": "^6.1.0",
        "csstype": "^3.2.3",
        "dedent": "^1.5.3",
        "deep-object-diff": "^1.1.9",
        "deepmerge": "^4.2.2",
        "lru-cache": "^10.4.3",
        "media-query-parser": "^2.0.2",
        "modern-ahocorasick": "^1.0.0",
        "picocolors": "^1.0.0"
      }
    },
    "node_modules/@vanilla-extract/dynamic": {
      "version": "2.1.5",
      "resolved": "https://registry.npmjs.org/@vanilla-extract/dynamic/-/dynamic-2.1.5.tgz",
      "integrity": "sha512-QGIFGb1qyXQkbzx6X6i3+3LMc/iv/ZMBttMBL+Wm/DetQd36KsKsFg5CtH3qy+1hCA/5w93mEIIAiL4fkM8ycw==",
      "license": "MIT",
      "dependencies": {
        "@vanilla-extract/private": "^1.0.9"
      }
    },
    "node_modules/@vanilla-extract/private": {
      "version": "1.0.9",
      "resolved": "https://registry.npmjs.org/@vanilla-extract/private/-/private-1.0.9.tgz",
      "integrity": "sha512-gT2jbfZuaaCLrAxwXbRgIhGhcXbRZCG3v4TTUnjw0EJ7ArdBRxkq4msNJkbuRkCgfIK5ATmprB5t9ljvLeFDEA==",
      "license": "MIT"
    },
    "node_modules/@vanilla-extract/sprinkles": {
      "version": "1.6.5",
      "resolved": "https://registry.npmjs.org/@vanilla-extract/sprinkles/-/sprinkles-1.6.5.tgz",
      "integrity": "sha512-HOYidLONR/SeGk8NBAeI64I4gYdsMX9vJmniL13ZcLVwawyK0s2GUENEAcGA+GYLIoeyQB61UqmhqPodJry7zA==",
      "license": "MIT",
      "peerDependencies": {
        "@vanilla-extract/css": "^1.0.0"
      }
    },
    "node_modules/abitype": {
      "version": "1.2.3",
      "resolved": "https://registry.npmjs.org/abitype/-/abitype-1.2.3.tgz",
      "integrity": "sha512-Ofer5QUnuUdTFsBRwARMoWKOH1ND5ehwYhJ3OJ/BQO+StkwQjHw0XyVh4vDttzHB7QOFhPHa/o413PJ82gU/Tg==",
      "license": "MIT",
      "funding": {
        "url": "https://github.com/sponsors/wevm"
      },
      "peerDependencies": {
        "typescript": ">=5.0.4",
        "zod": "^3.22.0 || ^4.0.0"
      },
      "peerDependenciesMeta": {
        "typescript": {
          "optional": true
        },
        "zod": {
          "optional": true
        }
      }
    },
    "node_modules/autoprefixer": {
      "version": "10.5.0",
      "resolved": "https://registry.npmjs.org/autoprefixer/-/autoprefixer-10.5.0.tgz",
      "integrity": "sha512-FMhOoZV4+qR6aTUALKX2rEqGG+oyATvwBt9IIzVR5rMa2HRWPkxf+P+PAJLD1I/H5/II+HuZcBJYEFBpq39ong==",
      "funding": [
        {
          "type": "opencollective",
          "url": "https://opencollective.com/postcss/"
        },
        {
          "type": "tidelift",
          "url": "https://tidelift.com/funding/github/npm/autoprefixer"
        },
        {
          "type": "github",
          "url": "https://github.com/sponsors/ai"
        }
      ],
      "license": "MIT",
      "dependencies": {
        "browserslist": "^4.28.2",
        "caniuse-lite": "^1.0.30001787",
        "fraction.js": "^5.3.4",
        "picocolors": "^1.1.1",
        "postcss-value-parser": "^4.2.0"
      },
      "bin": {
        "autoprefixer": "bin/autoprefixer"
      },
      "engines": {
        "node": "^10 || ^12 || >=14"
      },
      "peerDependencies": {
        "postcss": "^8.1.0"
      }
    },
    "node_modules/baseline-browser-mapping": {
      "version": "2.10.38",
      "resolved": "https://registry.npmjs.org/baseline-browser-mapping/-/baseline-browser-mapping-2.10.38.tgz",
      "integrity": "sha512-31/02mVB4yuQU6adKk5SlY6m+mxDwUq5KZkyYgnLrrKl7TEm1+3PyDtDBz2kOv/wxZz41GHsvV1A/u6RmiyBvw==",
      "license": "Apache-2.0",
      "bin": {
        "baseline-browser-mapping": "dist/cli.cjs"
      },
      "engines": {
        "node": ">=6.0.0"
      }
    },
    "node_modules/browserslist": {
      "version": "4.28.4",
      "resolved": "https://registry.npmjs.org/browserslist/-/browserslist-4.28.4.tgz",
      "integrity": "sha512-MTc8i/x9jBQd1iMw2CFGS+rwMa07eYjLR0CCTLDACl9xhxy+nIs3KeML/biicXtk9JrZ6dnnTatmc7ErPXIxqw==",
      "funding": [
        {
          "type": "opencollective",
          "url": "https://opencollective.com/browserslist"
        },
        {
          "type": "tidelift",
          "url": "https://tidelift.com/funding/github/npm/browserslist"
        },
        {
          "type": "github",
          "url": "https://github.com/sponsors/ai"
        }
      ],
      "license": "MIT",
      "dependencies": {
        "baseline-browser-mapping": "^2.10.38",
        "caniuse-lite": "^1.0.30001799",
        "electron-to-chromium": "^1.5.376",
        "node-releases": "^2.0.48",
        "update-browserslist-db": "^1.2.3"
      },
      "bin": {
        "browserslist": "cli.js"
      },
      "engines": {
        "node": "^6 || ^7 || ^8 || ^9 || ^10 || ^11 || ^12 || >=13.7"
      }
    },
    "node_modules/busboy": {
      "version": "1.6.0",
      "resolved": "https://registry.npmjs.org/busboy/-/busboy-1.6.0.tgz",
      "integrity": "sha512-8SFQbg/0hQ9xy3UNTB0YEnsNBbWfhf7RtnzpL7TkBiTBRfrQ9Fxcnz7VJsleJpyp6rVLvXiuORqjlHi5q+PYuA==",
      "dependencies": {
        "streamsearch": "^1.1.0"
      },
      "engines": {
        "node": ">=10.16.0"
      }
    },
    "node_modules/caniuse-lite": {
      "version": "1.0.30001799",
      "resolved": "https://registry.npmjs.org/caniuse-lite/-/caniuse-lite-1.0.30001799.tgz",
      "integrity": "sha512-hG1bReV+OUU+MOqK4t/ZWI0tZOyz3rqS9XuhOUz1cIcbwBKjOyJEJuw9ER5JuNyqxNk8u/JUVbGibBOL1yrjFw==",
      "funding": [
        {
          "type": "opencollective",
          "url": "https://opencollective.com/browserslist"
        },
        {
          "type": "tidelift",
          "url": "https://tidelift.com/funding/github/npm/caniuse-lite"
        },
        {
          "type": "github",
          "url": "https://github.com/sponsors/ai"
        }
      ],
      "license": "CC-BY-4.0"
    },
    "node_modules/client-only": {
      "version": "0.0.1",
      "resolved": "https://registry.npmjs.org/client-only/-/client-only-0.0.1.tgz",
      "integrity": "sha512-IV3Ou0jSMzZrd3pZ48nLkT9DA7Ag1pnPzaiQhpW7c3RbcqqzvzzVu+L8gfqMp/8IM2MQtSiqaCxrrcfu8I8rMA==",
      "license": "MIT"
    },
    "node_modules/clsx": {
      "version": "2.1.1",
      "resolved": "https://registry.npmjs.org/clsx/-/clsx-2.1.1.tgz",
      "integrity": "sha512-eYm0QWBtUrBWZWG0d386OGAw16Z995PiOVo2B7bjWSbHedGl5e0ZWaq65kOGgUSNesEIDkB9ISbTg/JK9dhCZA==",
      "license": "MIT",
      "engines": {
        "node": ">=6"
      }
    },
    "node_modules/css-what": {
      "version": "6.2.2",
      "resolved": "https://registry.npmjs.org/css-what/-/css-what-6.2.2.tgz",
      "integrity": "sha512-u/O3vwbptzhMs3L1fQE82ZSLHQQfto5gyZzwteVIEyeaY5Fc7R4dapF/BvRoSYFeqfBk4m0V1Vafq5Pjv25wvA==",
      "license": "BSD-2-Clause",
      "engines": {
        "node": ">= 6"
      },
      "funding": {
        "url": "https://github.com/sponsors/fb55"
      }
    },
    "node_modules/csstype": {
      "version": "3.2.3",
      "resolved": "https://registry.npmjs.org/csstype/-/csstype-3.2.3.tgz",
      "integrity": "sha512-z1HGKcYy2xA8AGQfwrn0PAy+PB7X/GSj3UVJW9qKyn43xWa+gl5nXmU4qqLMRzWVLFC8KusUX8T/0kCiOYpAIQ==",
      "license": "MIT"
    },
    "node_modules/cuer": {
      "version": "0.0.3",
      "resolved": "https://registry.npmjs.org/cuer/-/cuer-0.0.3.tgz",
      "integrity": "sha512-f/UNxRMRCYtfLEGECAViByA3JNflZImOk11G9hwSd+44jvzrc99J35u5l+fbdQ2+ZG441GvOpaeGYBmWquZsbQ==",
      "funding": [
        {
          "type": "github",
          "url": "https://github.com/sponsors/wevm"
        }
      ],
      "license": "MIT",
      "dependencies": {
        "qr": "~0"
      },
      "peerDependencies": {
        "react": ">=18",
        "react-dom": ">=18",
        "typescript": ">=5.4.0"
      },
      "peerDependenciesMeta": {
        "typescript": {
          "optional": true
        }
      }
    },
    "node_modules/dedent": {
      "version": "1.7.2",
      "resolved": "https://registry.npmjs.org/dedent/-/dedent-1.7.2.tgz",
      "integrity": "sha512-WzMx3mW98SN+zn3hgemf4OzdmyNhhhKz5Ay0pUfQiMQ3e1g+xmTJWp/pKdwKVXhdSkAEGIIzqeuWrL3mV/AXbA==",
      "license": "MIT",
      "peerDependencies": {
        "babel-plugin-macros": "^3.1.0"
      },
      "peerDependenciesMeta": {
        "babel-plugin-macros": {
          "optional": true
        }
      }
    },
    "node_modules/deep-object-diff": {
      "version": "1.1.9",
      "resolved": "https://registry.npmjs.org/deep-object-diff/-/deep-object-diff-1.1.9.tgz",
      "integrity": "sha512-Rn+RuwkmkDwCi2/oXOFS9Gsr5lJZu/yTGpK7wAaAIE75CC+LCGEZHpY6VQJa/RoJcrmaA/docWJZvYohlNkWPA==",
      "license": "MIT"
    },
    "node_modules/deepmerge": {
      "version": "4.3.1",
      "resolved": "https://registry.npmjs.org/deepmerge/-/deepmerge-4.3.1.tgz",
      "integrity": "sha512-3sUqbMEc77XqpdNO7FRyRog+eW3ph+GYCbj+rK+uYyRMuwsVy0rMiVtPn+QJlKFvWP/1PYpapqYn0Me2knFn+A==",
      "license": "MIT",
      "engines": {
        "node": ">=0.10.0"
      }
    },
    "node_modules/detect-europe-js": {
      "version": "0.1.2",
      "resolved": "https://registry.npmjs.org/detect-europe-js/-/detect-europe-js-0.1.2.tgz",
      "integrity": "sha512-lgdERlL3u0aUdHocoouzT10d9I89VVhk0qNRmll7mXdGfJT1/wqZ2ZLA4oJAjeACPY5fT1wsbq2AT+GkuInsow==",
      "funding": [
        {
          "type": "github",
          "url": "https://github.com/sponsors/faisalman"
        },
        {
          "type": "opencollective",
          "url": "https://opencollective.com/ua-parser-js"
        },
        {
          "type": "paypal",
          "url": "https://paypal.me/faisalman"
        }
      ],
      "license": "MIT"
    },
    "node_modules/detect-node-es": {
      "version": "1.1.0",
      "resolved": "https://registry.npmjs.org/detect-node-es/-/detect-node-es-1.1.0.tgz",
      "integrity": "sha512-ypdmJU/TbBby2Dxibuv7ZLW3Bs1QEmM7nHjEANfohJLvE0XVujisn1qPJcZxg+qDucsr+bP6fLD1rPS3AhJ7EQ==",
      "license": "MIT"
    },
    "node_modules/electron-to-chromium": {
      "version": "1.5.377",
      "resolved": "https://registry.npmjs.org/electron-to-chromium/-/electron-to-chromium-1.5.377.tgz",
      "integrity": "sha512-cH1jZgJHoezfTnKfKwnScpHywTFVnJUNITDPREFdhNjiuD502+QFpG0Qk7G8jhsV/f+CEAFlIrzP1fT+IMb92g==",
      "license": "ISC"
    },
    "node_modules/escalade": {
      "version": "3.2.0",
      "resolved": "https://registry.npmjs.org/escalade/-/escalade-3.2.0.tgz",
      "integrity": "sha512-WUj2qlxaQtO4g6Pq5c29GTcWGDyd8itL8zTlipgECz3JesAiiOKotd8JU6otB3PACgG6xkJUyVhboMS+bje/jA==",
      "license": "MIT",
      "engines": {
        "node": ">=6"
      }
    },
    "node_modules/eventemitter3": {
      "version": "5.0.1",
      "resolved": "https://registry.npmjs.org/eventemitter3/-/eventemitter3-5.0.1.tgz",
      "integrity": "sha512-GWkBvjiSZK87ELrYOSESUYeVIc9mvLLf/nXalMOS5dYrgZq9o5OVkbZAVM06CVxYsCwH9BDZFPlQTlPA1j4ahA==",
      "license": "MIT"
    },
    "node_modules/fraction.js": {
      "version": "5.3.4",
      "resolved": "https://registry.npmjs.org/fraction.js/-/fraction.js-5.3.4.tgz",
      "integrity": "sha512-1X1NTtiJphryn/uLQz3whtY6jK3fTqoE3ohKs0tT+Ujr1W59oopxmoEh7Lu5p6vBaPbgoM0bzveAW4Qi5RyWDQ==",
      "license": "MIT",
      "engines": {
        "node": "*"
      },
      "funding": {
        "type": "github",
        "url": "https://github.com/sponsors/rawify"
      }
    },
    "node_modules/get-nonce": {
      "version": "1.0.1",
      "resolved": "https://registry.npmjs.org/get-nonce/-/get-nonce-1.0.1.tgz",
      "integrity": "sha512-FJhYRoDaiatfEkUK8HKlicmu/3SGFD51q3itKDGoSTysQJBnfOcxU5GxnhE1E6soB76MbT0MBtnKJuXyAx+96Q==",
      "license": "MIT",
      "engines": {
        "node": ">=6"
      }
    },
    "node_modules/graceful-fs": {
      "version": "4.2.11",
      "resolved": "https://registry.npmjs.org/graceful-fs/-/graceful-fs-4.2.11.tgz",
      "integrity": "sha512-RbJ5/jmFcNNCcDV5o9eTnBLJ/HszWV0P73bc+Ff4nS/rJj+YaS6IGyiOL0VoBYX+l1Wrl3k63h/KrH+nhJ0XvQ==",
      "license": "ISC"
    },
    "node_modules/is-standalone-pwa": {
      "version": "0.1.1",
      "resolved": "https://registry.npmjs.org/is-standalone-pwa/-/is-standalone-pwa-0.1.1.tgz",
      "integrity": "sha512-9Cbovsa52vNQCjdXOzeQq5CnCbAcRk05aU62K20WO372NrTv0NxibLFCK6lQ4/iZEFdEA3p3t2VNOn8AJ53F5g==",
      "funding": [
        {
          "type": "github",
          "url": "https://github.com/sponsors/faisalman"
        },
        {
          "type": "opencollective",
          "url": "https://opencollective.com/ua-parser-js"
        },
        {
          "type": "paypal",
          "url": "https://paypal.me/faisalman"
        }
      ],
      "license": "MIT"
    },
    "node_modules/isows": {
      "version": "1.0.7",
      "resolved": "https://registry.npmjs.org/isows/-/isows-1.0.7.tgz",
      "integrity": "sha512-I1fSfDCZL5P0v33sVqeTDSpcstAg/N+wF5HS033mogOVIp4B+oHC7oOCsA3axAbBSGTJ8QubbNmnIRN/h8U7hg==",
      "funding": [
        {
          "type": "github",
          "url": "https://github.com/sponsors/wevm"
        }
      ],
      "license": "MIT",
      "peerDependencies": {
        "ws": "*"
      }
    },
    "node_modules/js-tokens": {
      "version": "4.0.0",
      "resolved": "https://registry.npmjs.org/js-tokens/-/js-tokens-4.0.0.tgz",
      "integrity": "sha512-RdJUflcE3cUzKiMqQgsCu06FPu9UdIJO0beYbPhHN4k6apgJtifcoCtT9bcxOpYBtpD2kCM6Sbzg4CausW/PKQ==",
      "license": "MIT"
    },
    "node_modules/loose-envify": {
      "version": "1.4.0",
      "resolved": "https://registry.npmjs.org/loose-envify/-/loose-envify-1.4.0.tgz",
      "integrity": "sha512-lyuxPGr/Wfhrlem2CL/UcnUc1zcqKAImBDzukY7Y5F/yQiNdko6+fRLevlw1HgMySw7f611UIY408EtxRSoK3Q==",
      "license": "MIT",
      "dependencies": {
        "js-tokens": "^3.0.0 || ^4.0.0"
      },
      "bin": {
        "loose-envify": "cli.js"
      }
    },
    "node_modules/lru-cache": {
      "version": "10.4.3",
      "resolved": "https://registry.npmjs.org/lru-cache/-/lru-cache-10.4.3.tgz",
      "integrity": "sha512-JNAzZcXrCt42VGLuYz0zfAzDfAvJWW6AfYlDBQyDV5DClI2m5sAmK+OIO7s59XfsRsWHp02jAJrRadPRGTt6SQ==",
      "license": "ISC"
    },
    "node_modules/media-query-parser": {
      "version": "2.0.2",
      "resolved": "https://registry.npmjs.org/media-query-parser/-/media-query-parser-2.0.2.tgz",
      "integrity": "sha512-1N4qp+jE0pL5Xv4uEcwVUhIkwdUO3S/9gML90nqKA7v7FcOS5vUtatfzok9S9U1EJU8dHWlcv95WLnKmmxZI9w==",
      "license": "MIT",
      "dependencies": {
        "@babel/runtime": "^7.12.5"
      }
    },
    "node_modules/mipd": {
      "version": "0.0.7",
      "resolved": "https://registry.npmjs.org/mipd/-/mipd-0.0.7.tgz",
      "integrity": "sha512-aAPZPNDQ3uMTdKbuO2YmAw2TxLHO0moa4YKAyETM/DTj5FloZo+a+8tU+iv4GmW+sOxKLSRwcSFuczk+Cpt6fg==",
      "funding": [
        {
          "type": "github",
          "url": "https://github.com/sponsors/wagmi-dev"
        }
      ],
      "license": "MIT",
      "peerDependencies": {
        "typescript": ">=5.0.4"
      },
      "peerDependenciesMeta": {
        "typescript": {
          "optional": true
        }
      }
    },
    "node_modules/modern-ahocorasick": {
      "version": "1.1.0",
      "resolved": "https://registry.npmjs.org/modern-ahocorasick/-/modern-ahocorasick-1.1.0.tgz",
      "integrity": "sha512-sEKPVl2rM+MNVkGQt3ChdmD8YsigmXdn5NifZn6jiwn9LRJpWm8F3guhaqrJT/JOat6pwpbXEk6kv+b9DMIjsQ==",
      "license": "MIT"
    },
    "node_modules/nanoid": {
      "version": "3.3.15",
      "resolved": "https://registry.npmjs.org/nanoid/-/nanoid-3.3.15.tgz",
      "integrity": "sha512-y7Wygv/7mEOvxTuEQDB8StXdMRBWf1kR/tlhAzBRUFkB2jfcLOAxO/SHmOO2zgz1pVgK29/kyupn059/bCHdjA==",
      "funding": [
        {
          "type": "github",
          "url": "https://github.com/sponsors/ai"
        }
      ],
      "license": "MIT",
      "bin": {
        "nanoid": "bin/nanoid.cjs"
      },
      "engines": {
        "node": "^10 || ^12 || ^13.7 || ^14 || >=15.0.1"
      }
    },
    "node_modules/next": {
      "version": "14.2.35",
      "resolved": "https://registry.npmjs.org/next/-/next-14.2.35.tgz",
      "integrity": "sha512-KhYd2Hjt/O1/1aZVX3dCwGXM1QmOV4eNM2UTacK5gipDdPN/oHHK/4oVGy7X8GMfPMsUTUEmGlsy0EY1YGAkig==",
      "license": "MIT",
      "dependencies": {
        "@next/env": "14.2.35",
        "@swc/helpers": "0.5.5",
        "busboy": "1.6.0",
        "caniuse-lite": "^1.0.30001579",
        "graceful-fs": "^4.2.11",
        "postcss": "8.4.31",
        "styled-jsx": "5.1.1"
      },
      "bin": {
        "next": "dist/bin/next"
      },
      "engines": {
        "node": ">=18.17.0"
      },
      "optionalDependencies": {
        "@next/swc-darwin-arm64": "14.2.33",
        "@next/swc-darwin-x64": "14.2.33",
        "@next/swc-linux-arm64-gnu": "14.2.33",
        "@next/swc-linux-arm64-musl": "14.2.33",
        "@next/swc-linux-x64-gnu": "14.2.33",
        "@next/swc-linux-x64-musl": "14.2.33",
        "@next/swc-win32-arm64-msvc": "14.2.33",
        "@next/swc-win32-ia32-msvc": "14.2.33",
        "@next/swc-win32-x64-msvc": "14.2.33"
      },
      "peerDependencies": {
        "@opentelemetry/api": "^1.1.0",
        "@playwright/test": "^1.41.2",
        "react": "^18.2.0",
        "react-dom": "^18.2.0",
        "sass": "^1.3.0"
      },
      "peerDependenciesMeta": {
        "@opentelemetry/api": {
          "optional": true
        },
        "@playwright/test": {
          "optional": true
        },
        "sass": {
          "optional": true
        }
      }
    },
    "node_modules/next/node_modules/postcss": {
      "version": "8.4.31",
      "resolved": "https://registry.npmjs.org/postcss/-/postcss-8.4.31.tgz",
      "integrity": "sha512-PS08Iboia9mts/2ygV3eLpY5ghnUcfLV/EXTOW1E2qYxJKGGBUtNjN76FYHnMs36RmARn41bC0AZmn+rR0OVpQ==",
      "funding": [
        {
          "type": "opencollective",
          "url": "https://opencollective.com/postcss/"
        },
        {
          "type": "tidelift",
          "url": "https://tidelift.com/funding/github/npm/postcss"
        },
        {
          "type": "github",
          "url": "https://github.com/sponsors/ai"
        }
      ],
      "license": "MIT",
      "dependencies": {
        "nanoid": "^3.3.6",
        "picocolors": "^1.0.0",
        "source-map-js": "^1.0.2"
      },
      "engines": {
        "node": "^10 || ^12 || >=14"
      }
    },
    "node_modules/node-releases": {
      "version": "2.0.48",
      "resolved": "https://registry.npmjs.org/node-releases/-/node-releases-2.0.48.tgz",
      "integrity": "sha512-1uz8041X6LoI6ZSdZacM9lVY28vuzDlSKitnpbSNK0RfKoIJkX29NBPVEFXhnuSuEOA9Ww0xnPJ+ILWbGAv8DA==",
      "license": "MIT",
      "engines": {
        "node": ">=18"
      }
    },
    "node_modules/ox": {
      "version": "0.14.29",
      "resolved": "https://registry.npmjs.org/ox/-/ox-0.14.29.tgz",
      "integrity": "sha512-M5j87Ec4V99MQdRct/g09eWXW60g6zhHTUs1lr4deUtrPDnezBdCJTgKd7pxqTpSZBFveV0ALi9jMMuT1qKyNg==",
      "funding": [
        {
          "type": "github",
          "url": "https://github.com/sponsors/wevm"
        }
      ],
      "license": "MIT",
      "dependencies": {
        "@adraffy/ens-normalize": "^1.11.0",
        "@noble/ciphers": "^1.3.0",
        "@noble/curves": "1.9.1",
        "@noble/hashes": "^1.8.0",
        "@scure/bip32": "^1.7.0",
        "@scure/bip39": "^1.6.0",
        "abitype": "^1.2.3",
        "eventemitter3": "5.0.1"
      },
      "peerDependencies": {
        "typescript": ">=5.4.0"
      },
      "peerDependenciesMeta": {
        "typescript": {
          "optional": true
        }
      }
    },
    "node_modules/picocolors": {
      "version": "1.1.1",
      "resolved": "https://registry.npmjs.org/picocolors/-/picocolors-1.1.1.tgz",
      "integrity": "sha512-xceH2snhtb5M9liqDsmEw56le376mTZkEX/jEb/RxNFyegNul7eNslCXP9FDj/Lcu0X8KEyMceP2ntpaHrDEVA==",
      "license": "ISC"
    },
    "node_modules/postcss": {
      "version": "8.5.15",
      "resolved": "https://registry.npmjs.org/postcss/-/postcss-8.5.15.tgz",
      "integrity": "sha512-FfR8sjd4em2T6fb3I2MwAJU7HWVMr9zba+enmQeeWFfCbm+UOC/0X4DS8XtpUTMwWMGbjKYP7xjfNekzyGmB3A==",
      "funding": [
        {
          "type": "opencollective",
          "url": "https://opencollective.com/postcss/"
        },
        {
          "type": "tidelift",
          "url": "https://tidelift.com/funding/github/npm/postcss"
        },
        {
          "type": "github",
          "url": "https://github.com/sponsors/ai"
        }
      ],
      "license": "MIT",
      "dependencies": {
        "nanoid": "^3.3.12",
        "picocolors": "^1.1.1",
        "source-map-js": "^1.2.1"
      },
      "engines": {
        "node": "^10 || ^12 || >=14"
      }
    },
    "node_modules/postcss-value-parser": {
      "version": "4.2.0",
      "resolved": "https://registry.npmjs.org/postcss-value-parser/-/postcss-value-parser-4.2.0.tgz",
      "integrity": "sha512-1NNCs6uurfkVbeXG4S8JFT9t19m45ICnif8zWLd5oPSZ50QnwMfK+H3jv408d4jw/7Bttv5axS5IiHoLaVNHeQ==",
      "license": "MIT"
    },
    "node_modules/qr": {
      "version": "0.6.0",
      "resolved": "https://registry.npmjs.org/qr/-/qr-0.6.0.tgz",
      "integrity": "sha512-P23VoX7SipHALdiIYG+D+LT/6n22dNKwV92FAb3d+Nlki/5WisSsfLt0UDFz2XEBtuwrECTznvu+chKKFCSYhA==",
      "license": "(MIT OR Apache-2.0)",
      "engines": {
        "node": ">= 20.19.0"
      }
    },
    "node_modules/react": {
      "version": "18.3.1",
      "resolved": "https://registry.npmjs.org/react/-/react-18.3.1.tgz",
      "integrity": "sha512-wS+hAgJShR0KhEvPJArfuPVN1+Hz1t0Y6n5jLrGQbkb4urgPE/0Rve+1kMB1v/oWgHgm4WIcV+i7F2pTVj+2iQ==",
      "license": "MIT",
      "dependencies": {
        "loose-envify": "^1.1.0"
      },
      "engines": {
        "node": ">=0.10.0"
      }
    },
    "node_modules/react-dom": {
      "version": "18.3.1",
      "resolved": "https://registry.npmjs.org/react-dom/-/react-dom-18.3.1.tgz",
      "integrity": "sha512-5m4nQKp+rZRb09LNH59GM4BxTh9251/ylbKIbpe7TpGxfJ+9kv6BLkLBXIjjspbgbnIBNqlI23tRnTWT0snUIw==",
      "license": "MIT",
      "dependencies": {
        "loose-envify": "^1.1.0",
        "scheduler": "^0.23.2"
      },
      "peerDependencies": {
        "react": "^18.3.1"
      }
    },
    "node_modules/react-remove-scroll": {
      "version": "2.7.2",
      "resolved": "https://registry.npmjs.org/react-remove-scroll/-/react-remove-scroll-2.7.2.tgz",
      "integrity": "sha512-Iqb9NjCCTt6Hf+vOdNIZGdTiH1QSqr27H/Ek9sv/a97gfueI/5h1s3yRi1nngzMUaOOToin5dI1dXKdXiF+u0Q==",
      "license": "MIT",
      "dependencies": {
        "react-remove-scroll-bar": "^2.3.7",
        "react-style-singleton": "^2.2.3",
        "tslib": "^2.1.0",
        "use-callback-ref": "^1.3.3",
        "use-sidecar": "^1.1.3"
      },
      "engines": {
        "node": ">=10"
      },
      "peerDependencies": {
        "@types/react": "*",
        "react": "^16.8.0 || ^17.0.0 || ^18.0.0 || ^19.0.0 || ^19.0.0-rc"
      },
      "peerDependenciesMeta": {
        "@types/react": {
          "optional": true
        }
      }
    },
    "node_modules/react-remove-scroll-bar": {
      "version": "2.3.8",
      "resolved": "https://registry.npmjs.org/react-remove-scroll-bar/-/react-remove-scroll-bar-2.3.8.tgz",
      "integrity": "sha512-9r+yi9+mgU33AKcj6IbT9oRCO78WriSj6t/cF8DWBZJ9aOGPOTEDvdUDz1FwKim7QXWwmHqtdHnRJfhAxEG46Q==",
      "license": "MIT",
      "dependencies": {
        "react-style-singleton": "^2.2.2",
        "tslib": "^2.0.0"
      },
      "engines": {
        "node": ">=10"
      },
      "peerDependencies": {
        "@types/react": "*",
        "react": "^16.8.0 || ^17.0.0 || ^18.0.0 || ^19.0.0"
      },
      "peerDependenciesMeta": {
        "@types/react": {
          "optional": true
        }
      }
    },
    "node_modules/react-style-singleton": {
      "version": "2.2.3",
      "resolved": "https://registry.npmjs.org/react-style-singleton/-/react-style-singleton-2.2.3.tgz",
      "integrity": "sha512-b6jSvxvVnyptAiLjbkWLE/lOnR4lfTtDAl+eUC7RZy+QQWc6wRzIV2CE6xBuMmDxc2qIihtDCZD5NPOFl7fRBQ==",
      "license": "MIT",
      "dependencies": {
        "get-nonce": "^1.0.0",
        "tslib": "^2.0.0"
      },
      "engines": {
        "node": ">=10"
      },
      "peerDependencies": {
        "@types/react": "*",
        "react": "^16.8.0 || ^17.0.0 || ^18.0.0 || ^19.0.0 || ^19.0.0-rc"
      },
      "peerDependenciesMeta": {
        "@types/react": {
          "optional": true
        }
      }
    },
    "node_modules/scheduler": {
      "version": "0.23.2",
      "resolved": "https://registry.npmjs.org/scheduler/-/scheduler-0.23.2.tgz",
      "integrity": "sha512-UOShsPwz7NrMUqhR6t0hWjFduvOzbtv7toDH1/hIrfRNIDBnnBWd0CwJTGvTpngVlmwGCdP9/Zl/tVrDqcuYzQ==",
      "license": "MIT",
      "dependencies": {
        "loose-envify": "^1.1.0"
      }
    },
    "node_modules/source-map-js": {
      "version": "1.2.1",
      "resolved": "https://registry.npmjs.org/source-map-js/-/source-map-js-1.2.1.tgz",
      "integrity": "sha512-UXWMKhLOwVKb728IUtQPXxfYU+usdybtUrK/8uGE8CQMvrhOpwvzDBwj0QhSL7MQc7vIsISBG8VQ8+IDQxpfQA==",
      "license": "BSD-3-Clause",
      "engines": {
        "node": ">=0.10.0"
      }
    },
    "node_modules/streamsearch": {
      "version": "1.1.0",
      "resolved": "https://registry.npmjs.org/streamsearch/-/streamsearch-1.1.0.tgz",
      "integrity": "sha512-Mcc5wHehp9aXz1ax6bZUyY5afg9u2rv5cqQI3mRrYkGC8rW2hM02jWuwjtL++LS5qinSyhj2QfLyNsuc+VsExg==",
      "engines": {
        "node": ">=10.0.0"
      }
    },
    "node_modules/styled-jsx": {
      "version": "5.1.1",
      "resolved": "https://registry.npmjs.org/styled-jsx/-/styled-jsx-5.1.1.tgz",
      "integrity": "sha512-pW7uC1l4mBZ8ugbiZrcIsiIvVx1UmTfw7UkC3Um2tmfUq9Bhk8IiyEIPl6F8agHgjzku6j0xQEZbfA5uSgSaCw==",
      "license": "MIT",
      "dependencies": {
        "client-only": "0.0.1"
      },
      "engines": {
        "node": ">= 12.0.0"
      },
      "peerDependencies": {
        "react": ">= 16.8.0 || 17.x.x || ^18.0.0-0"
      },
      "peerDependenciesMeta": {
        "@babel/core": {
          "optional": true
        },
        "babel-plugin-macros": {
          "optional": true
        }
      }
    },
    "node_modules/tailwindcss": {
      "version": "4.3.1",
      "resolved": "https://registry.npmjs.org/tailwindcss/-/tailwindcss-4.3.1.tgz",
      "integrity": "sha512-hk+TB1m+K8CYNrP6rjQaq/Y+4Zylwpa87mLYBKCunwnnQ9p+fHb7kmSfGqyEJoxF/O6CDyABWVFEafNSYKll+Q==",
      "license": "MIT"
    },
    "node_modules/tslib": {
      "version": "2.8.1",
      "resolved": "https://registry.npmjs.org/tslib/-/tslib-2.8.1.tgz",
      "integrity": "sha512-oJFu94HQb+KVduSUQL7wnpmqnfmLsOA/nAh6b6EH0wCEoK0/mPeXU6c3wKDV83MkOuHPRHtSXKKU99IBazS/2w==",
      "license": "0BSD"
    },
    "node_modules/typescript": {
      "version": "6.0.3",
      "resolved": "https://registry.npmjs.org/typescript/-/typescript-6.0.3.tgz",
      "integrity": "sha512-y2TvuxSZPDyQakkFRPZHKFm+KKVqIisdg9/CZwm9ftvKXLP8NRWj38/ODjNbr43SsoXqNuAisEf1GdCxqWcdBw==",
      "license": "Apache-2.0",
      "bin": {
        "tsc": "bin/tsc",
        "tsserver": "bin/tsserver"
      },
      "engines": {
        "node": ">=14.17"
      }
    },
    "node_modules/ua-is-frozen": {
      "version": "0.1.2",
      "resolved": "https://registry.npmjs.org/ua-is-frozen/-/ua-is-frozen-0.1.2.tgz",
      "integrity": "sha512-RwKDW2p3iyWn4UbaxpP2+VxwqXh0jpvdxsYpZ5j/MLLiQOfbsV5shpgQiw93+KMYQPcteeMQ289MaAFzs3G9pw==",
      "funding": [
        {
          "type": "github",
          "url": "https://github.com/sponsors/faisalman"
        },
        {
          "type": "opencollective",
          "url": "https://opencollective.com/ua-parser-js"
        },
        {
          "type": "paypal",
          "url": "https://paypal.me/faisalman"
        }
      ],
      "license": "MIT"
    },
    "node_modules/ua-parser-js": {
      "version": "2.0.10",
      "resolved": "https://registry.npmjs.org/ua-parser-js/-/ua-parser-js-2.0.10.tgz",
      "integrity": "sha512-t+3Ktbq0Ies2vaSezfOaWiolH4OigQIO1dk+1xDpOydB1COVPocVYOrEV5rqZ0kFY9XYG1v9LutCyMgYBpABcw==",
      "funding": [
        {
          "type": "opencollective",
          "url": "https://opencollective.com/ua-parser-js"
        },
        {
          "type": "paypal",
          "url": "https://paypal.me/faisalman"
        },
        {
          "type": "github",
          "url": "https://github.com/sponsors/faisalman"
        }
      ],
      "license": "AGPL-3.0-or-later",
      "dependencies": {
        "detect-europe-js": "^0.1.2",
        "is-standalone-pwa": "^0.1.1",
        "ua-is-frozen": "^0.1.2"
      },
      "bin": {
        "ua-parser-js": "script/cli.js"
      },
      "engines": {
        "node": "*"
      }
    },
    "node_modules/update-browserslist-db": {
      "version": "1.2.3",
      "resolved": "https://registry.npmjs.org/update-browserslist-db/-/update-browserslist-db-1.2.3.tgz",
      "integrity": "sha512-Js0m9cx+qOgDxo0eMiFGEueWztz+d4+M3rGlmKPT+T4IS/jP4ylw3Nwpu6cpTTP8R1MAC1kF4VbdLt3ARf209w==",
      "funding": [
        {
          "type": "opencollective",
          "url": "https://opencollective.com/browserslist"
        },
        {
          "type": "tidelift",
          "url": "https://tidelift.com/funding/github/npm/browserslist"
        },
        {
          "type": "github",
          "url": "https://github.com/sponsors/ai"
        }
      ],
      "license": "MIT",
      "dependencies": {
        "escalade": "^3.2.0",
        "picocolors": "^1.1.1"
      },
      "bin": {
        "update-browserslist-db": "cli.js"
      },
      "peerDependencies": {
        "browserslist": ">= 4.21.0"
      }
    },
    "node_modules/use-callback-ref": {
      "version": "1.3.3",
      "resolved": "https://registry.npmjs.org/use-callback-ref/-/use-callback-ref-1.3.3.tgz",
      "integrity": "sha512-jQL3lRnocaFtu3V00JToYz/4QkNWswxijDaCVNZRiRTO3HQDLsdu1ZtmIUvV4yPp+rvWm5j0y0TG/S61cuijTg==",
      "license": "MIT",
      "dependencies": {
        "tslib": "^2.0.0"
      },
      "engines": {
        "node": ">=10"
      },
      "peerDependencies": {
        "@types/react": "*",
        "react": "^16.8.0 || ^17.0.0 || ^18.0.0 || ^19.0.0 || ^19.0.0-rc"
      },
      "peerDependenciesMeta": {
        "@types/react": {
          "optional": true
        }
      }
    },
    "node_modules/use-sidecar": {
      "version": "1.1.3",
      "resolved": "https://registry.npmjs.org/use-sidecar/-/use-sidecar-1.1.3.tgz",
      "integrity": "sha512-Fedw0aZvkhynoPYlA5WXrMCAMm+nSWdZt6lzJQ7Ok8S6Q+VsHmHpRWndVRJ8Be0ZbkfPc5LRYH+5XrzXcEeLRQ==",
      "license": "MIT",
      "dependencies": {
        "detect-node-es": "^1.1.0",
        "tslib": "^2.0.0"
      },
      "engines": {
        "node": ">=10"
      },
      "peerDependencies": {
        "@types/react": "*",
        "react": "^16.8.0 || ^17.0.0 || ^18.0.0 || ^19.0.0 || ^19.0.0-rc"
      },
      "peerDependenciesMeta": {
        "@types/react": {
          "optional": true
        }
      }
    },
    "node_modules/use-sync-external-store": {
      "version": "1.4.0",
      "resolved": "https://registry.npmjs.org/use-sync-external-store/-/use-sync-external-store-1.4.0.tgz",
      "integrity": "sha512-9WXSPC5fMv61vaupRkCKCxsPxBocVnwakBEkMIHHpkTTg6icbJtg6jzgtLDm4bl3cSHAca52rYWih0k4K3PfHw==",
      "license": "MIT",
      "peerDependencies": {
        "react": "^16.8.0 || ^17.0.0 || ^18.0.0 || ^19.0.0"
      }
    },
    "node_modules/viem": {
      "version": "2.53.1",
      "resolved": "https://registry.npmjs.org/viem/-/viem-2.53.1.tgz",
      "integrity": "sha512-FhfJ/SW73CVosiyVLmIMVgKDRKYV1AGCLzZoHYvmNayyVff63Qi1ocPCk59LqC/cNw244RbBJjHnmxqXkE7NpA==",
      "funding": [
        {
          "type": "github",
          "url": "https://github.com/sponsors/wevm"
        }
      ],
      "license": "MIT",
      "dependencies": {
        "@noble/curves": "1.9.1",
        "@noble/hashes": "1.8.0",
        "@scure/bip32": "1.7.0",
        "@scure/bip39": "1.6.0",
        "abitype": "1.2.3",
        "isows": "1.0.7",
        "ox": "0.14.29",
        "ws": "8.20.1"
      },
      "peerDependencies": {
        "typescript": ">=5.0.4"
      },
      "peerDependenciesMeta": {
        "typescript": {
          "optional": true
        }
      }
    },
    "node_modules/wagmi": {
      "version": "3.6.18",
      "resolved": "https://registry.npmjs.org/wagmi/-/wagmi-3.6.18.tgz",
      "integrity": "sha512-hks6XmCR7w7I72SkV9PyDEbUjIMSqPKaE96s6tTI5UP1YGm3COiEJFRbEENnTkhdznyqhSEp4CsWYUZ16ziNYg==",
      "license": "MIT",
      "dependencies": {
        "@wagmi/connectors": "8.0.17",
        "@wagmi/core": "3.5.2",
        "use-sync-external-store": "1.4.0"
      },
      "funding": {
        "url": "https://github.com/sponsors/wevm"
      },
      "peerDependencies": {
        "@tanstack/react-query": ">=5.0.0",
        "react": ">=18",
        "typescript": ">=5.9.3",
        "viem": "2.x"
      },
      "peerDependenciesMeta": {
        "typescript": {
          "optional": true
        }
      }
    },
    "node_modules/wagmi/node_modules/@wagmi/connectors": {
      "version": "8.0.17",
      "resolved": "https://registry.npmjs.org/@wagmi/connectors/-/connectors-8.0.17.tgz",
      "integrity": "sha512-alzCSrWxNn95eOtTz5E3IKxpAXEfuLbM89M/IoCc8Hjy+zGczHX4DB2tuIyWyOvsRm5CnySkFjSf6vG/K2QJFA==",
      "license": "MIT",
      "funding": {
        "url": "https://github.com/sponsors/wevm"
      },
      "peerDependencies": {
        "@base-org/account": "^2.5.1",
        "@coinbase/wallet-sdk": "^4.3.6",
        "@metamask/connect-evm": "^2.1.0",
        "@safe-global/safe-apps-provider": "~0.18.6",
        "@safe-global/safe-apps-sdk": "^9.1.0",
        "@wagmi/core": "3.5.2",
        "@walletconnect/ethereum-provider": "^2.21.1",
        "accounts": "~0.14",
        "porto": "~0.2.35",
        "typescript": ">=5.9.3",
        "viem": "2.x"
      },
      "peerDependenciesMeta": {
        "@base-org/account": {
          "optional": true
        },
        "@coinbase/wallet-sdk": {
          "optional": true
        },
        "@metamask/connect-evm": {
          "optional": true
        },
        "@safe-global/safe-apps-provider": {
          "optional": true
        },
        "@safe-global/safe-apps-sdk": {
          "optional": true
        },
        "@walletconnect/ethereum-provider": {
          "optional": true
        },
        "accounts": {
          "optional": true
        },
        "porto": {
          "optional": true
        },
        "typescript": {
          "optional": true
        }
      }
    },
    "node_modules/wagmi/node_modules/@wagmi/core": {
      "version": "3.5.2",
      "resolved": "https://registry.npmjs.org/@wagmi/core/-/core-3.5.2.tgz",
      "integrity": "sha512-JrsCv/59aSwOmhnabHiwqTJ3pv9RzeamEC89y50+tYimofRJvzerQFDhvmujc2eX33YQG+XvSR1l5Kjqfu2ppw==",
      "license": "MIT",
      "dependencies": {
        "eventemitter3": "5.0.1",
        "mipd": "0.0.7",
        "zustand": "5.0.0"
      },
      "funding": {
        "url": "https://github.com/sponsors/wevm"
      },
      "peerDependencies": {
        "@tanstack/query-core": ">=5.0.0",
        "accounts": "~0.14",
        "typescript": ">=5.9.3",
        "viem": "2.x"
      },
      "peerDependenciesMeta": {
        "@tanstack/query-core": {
          "optional": true
        },
        "accounts": {
          "optional": true
        },
        "typescript": {
          "optional": true
        }
      }
    },
    "node_modules/wagmi/node_modules/@wagmi/core/node_modules/zustand": {
      "version": "5.0.0",
      "resolved": "https://registry.npmjs.org/zustand/-/zustand-5.0.0.tgz",
      "integrity": "sha512-LE+VcmbartOPM+auOjCCLQOsQ05zUTp8RkgwRzefUk+2jISdMMFnxvyTjA4YNWr5ZGXYbVsEMZosttuxUBkojQ==",
      "license": "MIT",
      "engines": {
        "node": ">=12.20.0"
      },
      "peerDependencies": {
        "@types/react": ">=18.0.0",
        "immer": ">=9.0.6",
        "react": ">=18.0.0",
        "use-sync-external-store": ">=1.2.0"
      },
      "peerDependenciesMeta": {
        "@types/react": {
          "optional": true
        },
        "immer": {
          "optional": true
        },
        "react": {
          "optional": true
        },
        "use-sync-external-store": {
          "optional": true
        }
      }
    },
    "node_modules/ws": {
      "version": "8.20.1",
      "resolved": "https://registry.npmjs.org/ws/-/ws-8.20.1.tgz",
      "integrity": "sha512-It4dO0K5v//JtTXuPkfEOaI3uUN87iYPnqo/ZzqCoG3g8uhA66QUMs/SrM0YK7/NAu+r4LMh/9dq2A7k+rHs+w==",
      "license": "MIT",
      "engines": {
        "node": ">=10.0.0"
      },
      "peerDependencies": {
        "bufferutil": "^4.0.1",
        "utf-8-validate": ">=5.0.2"
      },
      "peerDependenciesMeta": {
        "bufferutil": {
          "optional": true
        },
        "utf-8-validate": {
          "optional": true
        }
      }
    }
  }
}
